
Microsoft Visual Studio Solution File, Format Version 12.00
# Visual Studio Version 16
VisualStudioVersion = 16.0.31613.86
MinimumVisualStudioVersion = 10.0.40219.1
Project("{FAE04EC0-301F-11D3-BF4B-00C04F79EFBC}") = "zkTecoTry", "zkTecoTry\zkTecoTry.csproj", "{47F153C3-CA29-4F34-AA16-71601271C22E}"
EndProject
Global
	GlobalSection(SolutionConfigurationPlatforms) = preSolution
		Debug|Any CPU = Debug|Any CPU
		Release|Any CPU = Release|Any CPU
	EndGlobalSection
	GlobalSection(ProjectConfigurationPlatforms) = postSolution
		{47F153C3-CA29-4F34-AA16-71601271C22E}.Debug|Any CPU.ActiveCfg = Debug|Any CPU
		{47F153C3-CA29-4F34-AA16-71601271C22E}.Debug|Any CPU.Build.0 = Debug|Any CPU
		{47F153C3-CA29-4F34-AA16-71601271C22E}.Release|Any CPU.ActiveCfg = Release|Any CPU
		{47F153C3-CA29-4F34-AA16-71601271C22E}.Release|Any CPU.Build.0 = Release|Any CPU
	EndGlobalSection
	GlobalSection(SolutionProperties) = preSolution
		HideSolutionNode = FALSE
	EndGlobalSection
	GlobalSection(ExtensibilityGlobals) = postSolution
		SolutionGuid = {55880A7F-53B4-44F4-A9E3-D5E9D608AE97}
	EndGlobalSection
EndGlobal
